
Microsoft Visual Studio Solution File, Format Version 12.00
# Visual Studio 15
Project("{8BC9CEB8-8B4A-11D0-8D11-00A0C91BC942}") = "ALL_BUILD", "ALL_BUILD.vcxproj", "{D4D808AD-A048-30DE-9E79-CD5C760BB4C5}"
	ProjectSection(ProjectDependencies) = postProject
		{1A500AC8-87E6-305A-AD5B-FA21F5D3856B} = {1A500AC8-87E6-305A-AD5B-FA21F5D3856B}
		{6D6CA67F-A8DA-3139-B1E5-3495E7EA1C68} = {6D6CA67F-A8DA-3139-B1E5-3495E7EA1C68}
		{10B3A51A-6EDF-3582-8880-A4BE02EBC615} = {10B3A51A-6EDF-3582-8880-A4BE02EBC615}
		{414048EA-F874-3311-B035-73F6F4542096} = {414048EA-F874-3311-B035-73F6F4542096}
		{5331C2B7-DBDE-3118-8C47-F393602CDE37} = {5331C2B7-DBDE-3118-8C47-F393602CDE37}
		{2AEA69BC-D83C-3E69-BA9E-0305DBCA3367} = {2AEA69BC-D83C-3E69-BA9E-0305DBCA3367}
	EndProjectSection
EndProject
Project("{8BC9CEB8-8B4A-11D0-8D11-00A0C91BC942}") = "JammerCommon", "common\JammerCommon.vcxproj", "{1A500AC8-87E6-305A-AD5B-FA21F5D3856B}"
	ProjectSection(ProjectDependencies) = postProject
		{414048EA-F874-3311-B035-73F6F4542096} = {414048EA-F874-3311-B035-73F6F4542096}
		{2AEA69BC-D83C-3E69-BA9E-0305DBCA3367} = {2AEA69BC-D83C-3E69-BA9E-0305DBCA3367}
	EndProjectSection
EndProject
Project("{8BC9CEB8-8B4A-11D0-8D11-00A0C91BC942}") = "JammerNetzClient", "Client\JammerNetzClient.vcxproj", "{6D6CA67F-A8DA-3139-B1E5-3495E7EA1C68}"
	ProjectSection(ProjectDependencies) = postProject
		{1A500AC8-87E6-305A-AD5B-FA21F5D3856B} = {1A500AC8-87E6-305A-AD5B-FA21F5D3856B}
		{414048EA-F874-3311-B035-73F6F4542096} = {414048EA-F874-3311-B035-73F6F4542096}
		{5331C2B7-DBDE-3118-8C47-F393602CDE37} = {5331C2B7-DBDE-3118-8C47-F393602CDE37}
		{2AEA69BC-D83C-3E69-BA9E-0305DBCA3367} = {2AEA69BC-D83C-3E69-BA9E-0305DBCA3367}
	EndProjectSection
EndProject
Project("{8BC9CEB8-8B4A-11D0-8D11-00A0C91BC942}") = "JammerNetzServer", "Server\JammerNetzServer.vcxproj", "{10B3A51A-6EDF-3582-8880-A4BE02EBC615}"
	ProjectSection(ProjectDependencies) = postProject
		{1A500AC8-87E6-305A-AD5B-FA21F5D3856B} = {1A500AC8-87E6-305A-AD5B-FA21F5D3856B}
		{414048EA-F874-3311-B035-73F6F4542096} = {414048EA-F874-3311-B035-73F6F4542096}
		{2AEA69BC-D83C-3E69-BA9E-0305DBCA3367} = {2AEA69BC-D83C-3E69-BA9E-0305DBCA3367}
	EndProjectSection
EndProject
Project("{8BC9CEB8-8B4A-11D0-8D11-00A0C91BC942}") = "ZERO_CHECK", "ZERO_CHECK.vcxproj", "{414048EA-F874-3311-B035-73F6F4542096}"
	ProjectSection(ProjectDependencies) = postProject
	EndProjectSection
EndProject
Project("{8BC9CEB8-8B4A-11D0-8D11-00A0C91BC942}") = "ff_meters", "third_party\JUCE-user-modules\ff_meters.vcxproj", "{5331C2B7-DBDE-3118-8C47-F393602CDE37}"
	ProjectSection(ProjectDependencies) = postProject
		{414048EA-F874-3311-B035-73F6F4542096} = {414048EA-F874-3311-B035-73F6F4542096}
	EndProjectSection
EndProject
Project("{8BC9CEB8-8B4A-11D0-8D11-00A0C91BC942}") = "juce-utils", "modules\juce-utils\juce-utils.vcxproj", "{2AEA69BC-D83C-3E69-BA9E-0305DBCA3367}"
	ProjectSection(ProjectDependencies) = postProject
		{414048EA-F874-3311-B035-73F6F4542096} = {414048EA-F874-3311-B035-73F6F4542096}
	EndProjectSection
EndProject
Global
	GlobalSection(SolutionConfigurationPlatforms) = preSolution
		Debug|Win32 = Debug|Win32
		Release|Win32 = Release|Win32
		MinSizeRel|Win32 = MinSizeRel|Win32
		RelWithDebInfo|Win32 = RelWithDebInfo|Win32
	EndGlobalSection
	GlobalSection(ProjectConfigurationPlatforms) = postSolution
		{D4D808AD-A048-30DE-9E79-CD5C760BB4C5}.Debug|Win32.ActiveCfg = Debug|Win32
		{D4D808AD-A048-30DE-9E79-CD5C760BB4C5}.Release|Win32.ActiveCfg = Release|Win32
		{D4D808AD-A048-30DE-9E79-CD5C760BB4C5}.MinSizeRel|Win32.ActiveCfg = MinSizeRel|Win32
		{D4D808AD-A048-30DE-9E79-CD5C760BB4C5}.RelWithDebInfo|Win32.ActiveCfg = RelWithDebInfo|Win32
		{1A500AC8-87E6-305A-AD5B-FA21F5D3856B}.Debug|Win32.ActiveCfg = Debug|Win32
		{1A500AC8-87E6-305A-AD5B-FA21F5D3856B}.Debug|Win32.Build.0 = Debug|Win32
		{1A500AC8-87E6-305A-AD5B-FA21F5D3856B}.Release|Win32.ActiveCfg = Release|Win32
		{1A500AC8-87E6-305A-AD5B-FA21F5D3856B}.Release|Win32.Build.0 = Release|Win32
		{1A500AC8-87E6-305A-AD5B-FA21F5D3856B}.MinSizeRel|Win32.ActiveCfg = MinSizeRel|Win32
		{1A500AC8-87E6-305A-AD5B-FA21F5D3856B}.MinSizeRel|Win32.Build.0 = MinSizeRel|Win32
		{1A500AC8-87E6-305A-AD5B-FA21F5D3856B}.RelWithDebInfo|Win32.ActiveCfg = RelWithDebInfo|Win32
		{1A500AC8-87E6-305A-AD5B-FA21F5D3856B}.RelWithDebInfo|Win32.Build.0 = RelWithDebInfo|Win32
		{6D6CA67F-A8DA-3139-B1E5-3495E7EA1C68}.Debug|Win32.ActiveCfg = Debug|Win32
		{6D6CA67F-A8DA-3139-B1E5-3495E7EA1C68}.Debug|Win32.Build.0 = Debug|Win32
		{6D6CA67F-A8DA-3139-B1E5-3495E7EA1C68}.Release|Win32.ActiveCfg = Release|Win32
		{6D6CA67F-A8DA-3139-B1E5-3495E7EA1C68}.Release|Win32.Build.0 = Release|Win32
		{6D6CA67F-A8DA-3139-B1E5-3495E7EA1C68}.MinSizeRel|Win32.ActiveCfg = MinSizeRel|Win32
		{6D6CA67F-A8DA-3139-B1E5-3495E7EA1C68}.MinSizeRel|Win32.Build.0 = MinSizeRel|Win32
		{6D6CA67F-A8DA-3139-B1E5-3495E7EA1C68}.RelWithDebInfo|Win32.ActiveCfg = RelWithDebInfo|Win32
		{6D6CA67F-A8DA-3139-B1E5-3495E7EA1C68}.RelWithDebInfo|Win32.Build.0 = RelWithDebInfo|Win32
		{10B3A51A-6EDF-3582-8880-A4BE02EBC615}.Debug|Win32.ActiveCfg = Debug|Win32
		{10B3A51A-6EDF-3582-8880-A4BE02EBC615}.Debug|Win32.Build.0 = Debug|Win32
		{10B3A51A-6EDF-3582-8880-A4BE02EBC615}.Release|Win32.ActiveCfg = Release|Win32
		{10B3A51A-6EDF-3582-8880-A4BE02EBC615}.Release|Win32.Build.0 = Release|Win32
		{10B3A51A-6EDF-3582-8880-A4BE02EBC615}.MinSizeRel|Win32.ActiveCfg = MinSizeRel|Win32
		{10B3A51A-6EDF-3582-8880-A4BE02EBC615}.MinSizeRel|Win32.Build.0 = MinSizeRel|Win32
		{10B3A51A-6EDF-3582-8880-A4BE02EBC615}.RelWithDebInfo|Win32.ActiveCfg = RelWithDebInfo|Win32
		{10B3A51A-6EDF-3582-8880-A4BE02EBC615}.RelWithDebInfo|Win32.Build.0 = RelWithDebInfo|Win32
		{414048EA-F874-3311-B035-73F6F4542096}.Debug|Win32.ActiveCfg = Debug|Win32
		{414048EA-F874-3311-B035-73F6F4542096}.Debug|Win32.Build.0 = Debug|Win32
		{414048EA-F874-3311-B035-73F6F4542096}.Release|Win32.ActiveCfg = Release|Win32
		{414048EA-F874-3311-B035-73F6F4542096}.Release|Win32.Build.0 = Release|Win32
		{414048EA-F874-3311-B035-73F6F4542096}.MinSizeRel|Win32.ActiveCfg = MinSizeRel|Win32
		{414048EA-F874-3311-B035-73F6F4542096}.MinSizeRel|Win32.Build.0 = MinSizeRel|Win32
		{414048EA-F874-3311-B035-73F6F4542096}.RelWithDebInfo|Win32.ActiveCfg = RelWithDebInfo|Win32
		{414048EA-F874-3311-B035-73F6F4542096}.RelWithDebInfo|Win32.Build.0 = RelWithDebInfo|Win32
		{5331C2B7-DBDE-3118-8C47-F393602CDE37}.Debug|Win32.ActiveCfg = Debug|Win32
		{5331C2B7-DBDE-3118-8C47-F393602CDE37}.Debug|Win32.Build.0 = Debug|Win32
		{5331C2B7-DBDE-3118-8C47-F393602CDE37}.Release|Win32.ActiveCfg = Release|Win32
		{5331C2B7-DBDE-3118-8C47-F393602CDE37}.Release|Win32.Build.0 = Release|Win32
		{5331C2B7-DBDE-3118-8C47-F393602CDE37}.MinSizeRel|Win32.ActiveCfg = MinSizeRel|Win32
		{5331C2B7-DBDE-3118-8C47-F393602CDE37}.MinSizeRel|Win32.Build.0 = MinSizeRel|Win32
		{5331C2B7-DBDE-3118-8C47-F393602CDE37}.RelWithDebInfo|Win32.ActiveCfg = RelWithDebInfo|Win32
		{5331C2B7-DBDE-3118-8C47-F393602CDE37}.RelWithDebInfo|Win32.Build.0 = RelWithDebInfo|Win32
		{2AEA69BC-D83C-3E69-BA9E-0305DBCA3367}.Debug|Win32.ActiveCfg = Debug|Win32
		{2AEA69BC-D83C-3E69-BA9E-0305DBCA3367}.Debug|Win32.Build.0 = Debug|Win32
		{2AEA69BC-D83C-3E69-BA9E-0305DBCA3367}.Release|Win32.ActiveCfg = Release|Win32
		{2AEA69BC-D83C-3E69-BA9E-0305DBCA3367}.Release|Win32.Build.0 = Release|Win32
		{2AEA69BC-D83C-3E69-BA9E-0305DBCA3367}.MinSizeRel|Win32.ActiveCfg = MinSizeRel|Win32
		{2AEA69BC-D83C-3E69-BA9E-0305DBCA3367}.MinSizeRel|Win32.Build.0 = MinSizeRel|Win32
		{2AEA69BC-D83C-3E69-BA9E-0305DBCA3367}.RelWithDebInfo|Win32.ActiveCfg = RelWithDebInfo|Win32
		{2AEA69BC-D83C-3E69-BA9E-0305DBCA3367}.RelWithDebInfo|Win32.Build.0 = RelWithDebInfo|Win32
	EndGlobalSection
	GlobalSection(ExtensibilityGlobals) = postSolution
		SolutionGuid = {87F4E350-FF7E-3065-B86D-061DC65770CF}
	EndGlobalSection
	GlobalSection(ExtensibilityAddIns) = postSolution
	EndGlobalSection
EndGlobal
